PODS:
  - Alamofire (4.5.0)
  - JZNavigationExtension (1.5.0.1)

DEPENDENCIES:
  - Alamofire (~> 4.5)
  - JZNavigationExtension (= 1.5.0.1)

SPEC CHECKSUMS:
  Alamofire: f28cdffd29de33a7bfa022cbd63ae95a27fae140
  JZNavigationExtension: 7b95d2b1c48846b8bedcb40d767448f14cb9a0b7

PODFILE CHECKSUM: d37f2303fc20adb663c18dcec9f0c3a2581641bc

COCOAPODS: 1.2.1
