// !$*UTF8*$!
{
	archiveVersion = 1;
	classes = {
	};
	objectVersion = 48;
	objects = {

/* Begin PBXBuildFile section */
		2001BFEBDACF464F0486FEBC /* Pods_WEIBO.framework in Frameworks */ = {isa = PBXBuildFile; fileRef = 45F84DD836CABE5681CCAF72 /* Pods_WEIBO.framework */; };
		462A17DC1FC262E80099FD00 /* WBHTabBarButton.swift in Sources */ = {isa = PBXBuildFile; fileRef = 462A17DB1FC262E80099FD00 /* WBHTabBarButton.swift */; };
		462A17E01FC2784E0099FD00 /* WBHTools.swift in Sources */ = {isa = PBXBuildFile; fileRef = 462A17DE1FC277390099FD00 /* WBHTools.swift */; };
		462A17E11FC278510099FD00 /* WBHVariableCustom.swift in Sources */ = {isa = PBXBuildFile; fileRef = 462A17DF1FC277390099FD00 /* WBHVariableCustom.swift */; };
		462A17E31FC2876C0099FD00 /* WBHAddViewController.swift in Sources */ = {isa = PBXBuildFile; fileRef = 462A17E21FC2876C0099FD00 /* WBHAddViewController.swift */; };
		4680ADE31FBEE0B700E5B1BF /* WBHBaseController.swift in Sources */ = {isa = PBXBuildFile; fileRef = 4680ADE21FBEE0B700E5B1BF /* WBHBaseController.swift */; };
		4680ADE51FBEE14500E5B1BF /* WBHDiscoverController.swift in Sources */ = {isa = PBXBuildFile; fileRef = 4680ADE41FBEE14500E5B1BF /* WBHDiscoverController.swift */; };
		4680ADE71FBEE15300E5B1BF /* WBHMeController.swift in Sources */ = {isa = PBXBuildFile; fileRef = 4680ADE61FBEE15300E5B1BF /* WBHMeController.swift */; };
		4680ADE91FBEE16100E5B1BF /* WBHMessageController.swift in Sources */ = {isa = PBXBuildFile; fileRef = 4680ADE81FBEE16100E5B1BF /* WBHMessageController.swift */; };
		4680ADEB1FBEE17300E5B1BF /* WBHWeiboViewController.swift in Sources */ = {isa = PBXBuildFile; fileRef = 4680ADEA1FBEE17300E5B1BF /* WBHWeiboViewController.swift */; };
		46B48E761FBED01000046D9C /* Assets.xcassets in Resources */ = {isa = PBXBuildFile; fileRef = 46B48E751FBED01000046D9C /* Assets.xcassets */; };
		46B48E791FBED01000046D9C /* LaunchScreen.storyboard in Resources */ = {isa = PBXBuildFile; fileRef = 46B48E771FBED01000046D9C /* LaunchScreen.storyboard */; };
		46B48E841FBED01100046D9C /* WEIBOUITests.swift in Sources */ = {isa = PBXBuildFile; fileRef = 46B48E831FBED01100046D9C /* WEIBOUITests.swift */; };
		C1435C0D1FC1835100618D51 /* AppDelegate.swift in Sources */ = {isa = PBXBuildFile; fileRef = C1435C0A1FC1835100618D51 /* AppDelegate.swift */; };
		C1435C0E1FC1835100618D51 /* WBHTabBarController.swift in Sources */ = {isa = PBXBuildFile; fileRef = C1435C0B1FC1835100618D51 /* WBHTabBarController.swift */; };
		C1435C0F1FC1835100618D51 /* wbhNavigationController.swift in Sources */ = {isa = PBXBuildFile; fileRef = C1435C0C1FC1835100618D51 /* wbhNavigationController.swift */; };
		C1435C111FC1862A00618D51 /* WBHTabbarView.swift in Sources */ = {isa = PBXBuildFile; fileRef = C1435C101FC1862A00618D51 /* WBHTabbarView.swift */; };
		FFC0EEC4E908F35744033C2A /* Pods_WEIBOUITests.framework in Frameworks */ = {isa = PBXBuildFile; fileRef = 2F72417234644D6DB779DDA0 /* Pods_WEIBOUITests.framework */; };
/* End PBXBuildFile section */

/* Begin PBXContainerItemProxy section */
		46B48E801FBED01000046D9C /* PBXContainerItemProxy */ = {
			isa = PBXContainerItemProxy;
			containerPortal = 46B48E631FBED01000046D9C /* Project object */;
			proxyType = 1;
			remoteGlobalIDString = 46B48E6A1FBED01000046D9C;
			remoteInfo = WEIBO;
		};
/* End PBXContainerItemProxy section */

/* Begin PBXFileReference section */
		2F72417234644D6DB779DDA0 /* Pods_WEIBOUITests.framework */ = {isa = PBXFileReference; explicitFileType = wrapper.framework; includeInIndex = 0; path = Pods_WEIBOUITests.framework; sourceTree = BUILT_PRODUCTS_DIR; };
		45F84DD836CABE5681CCAF72 /* Pods_WEIBO.framework */ = {isa = PBXFileReference; explicitFileType = wrapper.framework; includeInIndex = 0; path = Pods_WEIBO.framework; sourceTree = BUILT_PRODUCTS_DIR; };
		462A17DB1FC262E80099FD00 /* WBHTabBarButton.swift */ = {isa = PBXFileReference; lastKnownFileType = sourcecode.swift; path = WBHTabBarButton.swift; sourceTree = "<group>"; };
		462A17DE1FC277390099FD00 /* WBHTools.swift */ = {isa = PBXFileReference; lastKnownFileType = sourcecode.swift; path = WBHTools.swift; sourceTree = "<group>"; };
		462A17DF1FC277390099FD00 /* WBHVariableCustom.swift */ = {isa = PBXFileReference; lastKnownFileType = sourcecode.swift; path = WBHVariableCustom.swift; sourceTree = "<group>"; };
		462A17E21FC2876C0099FD00 /* WBHAddViewController.swift */ = {isa = PBXFileReference; lastKnownFileType = sourcecode.swift; path = WBHAddViewController.swift; sourceTree = "<group>"; };
		4680ADD31FBEDCA500E5B1BF /* Info.plist */ = {isa = PBXFileReference; lastKnownFileType = text.plist.xml; path = Info.plist; sourceTree = "<group>"; };
		4680ADE21FBEE0B700E5B1BF /* WBHBaseController.swift */ = {isa = PBXFileReference; lastKnownFileType = sourcecode.swift; path = WBHBaseController.swift; sourceTree = "<group>"; };
		4680ADE41FBEE14500E5B1BF /* WBHDiscoverController.swift */ = {isa = PBXFileReference; lastKnownFileType = sourcecode.swift; path = WBHDiscoverController.swift; sourceTree = "<group>"; };
		4680ADE61FBEE15300E5B1BF /* WBHMeController.swift */ = {isa = PBXFileReference; lastKnownFileType = sourcecode.swift; path = WBHMeController.swift; sourceTree = "<group>"; };
		4680ADE81FBEE16100E5B1BF /* WBHMessageController.swift */ = {isa = PBXFileReference; lastKnownFileType = sourcecode.swift; path = WBHMessageController.swift; sourceTree = "<group>"; };
		4680ADEA1FBEE17300E5B1BF /* WBHWeiboViewController.swift */ = {isa = PBXFileReference; lastKnownFileType = sourcecode.swift; path = WBHWeiboViewController.swift; sourceTree = "<group>"; };
		46B48E6B1FBED01000046D9C /* WEIBO.app */ = {isa = PBXFileReference; explicitFileType = wrapper.application; includeInIndex = 0; path = WEIBO.app; sourceTree = BUILT_PRODUCTS_DIR; };
		46B48E751FBED01000046D9C /* Assets.xcassets */ = {isa = PBXFileReference; lastKnownFileType = folder.assetcatalog; path = Assets.xcassets; sourceTree = "<group>"; };
		46B48E781FBED01000046D9C /* Base */ = {isa = PBXFileReference; lastKnownFileType = file.storyboard; name = Base; path = Base.lproj/LaunchScreen.storyboard; sourceTree = "<group>"; };
		46B48E7F1FBED01000046D9C /* WEIBOUITests.xctest */ = {isa = PBXFileReference; explicitFileType = wrapper.cfbundle; includeInIndex = 0; path = WEIBOUITests.xctest; sourceTree = BUILT_PRODUCTS_DIR; };
		46B48E831FBED01100046D9C /* WEIBOUITests.swift */ = {isa = PBXFileReference; lastKnownFileType = sourcecode.swift; path = WEIBOUITests.swift; sourceTree = "<group>"; };
		46B48E851FBED01100046D9C /* Info.plist */ = {isa = PBXFileReference; lastKnownFileType = text.plist.xml; path = Info.plist; sourceTree = "<group>"; };
		B3ACBE8DABF0D84C6463BAE7 /* Pods-WEIBO.debug.xcconfig */ = {isa = PBXFileReference; includeInIndex = 1; lastKnownFileType = text.xcconfig; name = "Pods-WEIBO.debug.xcconfig"; path = "Pods/Target Support Files/Pods-WEIBO/Pods-WEIBO.debug.xcconfig"; sourceTree = "<group>"; };
		C1435C0A1FC1835100618D51 /* AppDelegate.swift */ = {isa = PBXFileReference; fileEncoding = 4; lastKnownFileType = sourcecode.swift; path = AppDelegate.swift; sourceTree = "<group>"; };
		C1435C0B1FC1835100618D51 /* WBHTabBarController.swift */ = {isa = PBXFileReference; fileEncoding = 4; lastKnownFileType = sourcecode.swift; path = WBHTabBarController.swift; sourceTree = "<group>"; };
		C1435C0C1FC1835100618D51 /* wbhNavigationController.swift */ = {isa = PBXFileReference; fileEncoding = 4; lastKnownFileType = sourcecode.swift; path = wbhNavigationController.swift; sourceTree = "<group>"; };
		C1435C101FC1862A00618D51 /* WBHTabbarView.swift */ = {isa = PBXFileReference; lastKnownFileType = sourcecode.swift; path = WBHTabbarView.swift; sourceTree = "<group>"; };
		E1837FBEB195787095DA1CD7 /* Pods-WEIBOUITests.release.xcconfig */ = {isa = PBXFileReference; includeInIndex = 1; lastKnownFileType = text.xcconfig; name = "Pods-WEIBOUITests.release.xcconfig"; path = "Pods/Target Support Files/Pods-WEIBOUITests/Pods-WEIBOUITests.release.xcconfig"; sourceTree = "<group>"; };
		E7EC8C4C9B6B62D8C12E736D /* Pods-WEIBOUITests.debug.xcconfig */ = {isa = PBXFileReference; includeInIndex = 1; lastKnownFileType = text.xcconfig; name = "Pods-WEIBOUITests.debug.xcconfig"; path = "Pods/Target Support Files/Pods-WEIBOUITests/Pods-WEIBOUITests.debug.xcconfig"; sourceTree = "<group>"; };
		F22FF2935D4E292B83C0940A /* Pods-WEIBO.release.xcconfig */ = {isa = PBXFileReference; includeInIndex = 1; lastKnownFileType = text.xcconfig; name = "Pods-WEIBO.release.xcconfig"; path = "Pods/Target Support Files/Pods-WEIBO/Pods-WEIBO.release.xcconfig"; sourceTree = "<group>"; };
/* End PBXFileReference section */

/* Begin PBXFrameworksBuildPhase section */
		46B48E681FBED01000046D9C /* Frameworks */ = {
			isa = PBXFrameworksBuildPhase;
			buildActionMask = 2147483647;
			files = (
				2001BFEBDACF464F0486FEBC /* Pods_WEIBO.framework in Frameworks */,
			);
			runOnlyForDeploymentPostprocessing = 0;
		};
		46B48E7C1FBED01000046D9C /* Frameworks */ = {
			isa = PBXFrameworksBuildPhase;
			buildActionMask = 2147483647;
			files = (
				FFC0EEC4E908F35744033C2A /* Pods_WEIBOUITests.framework in Frameworks */,
			);
			runOnlyForDeploymentPostprocessing = 0;
		};
/* End PBXFrameworksBuildPhase section */

/* Begin PBXGroup section */
		0C9A1C2094E0DE2E679C5BA1 /* Pods */ = {
			isa = PBXGroup;
			children = (
				B3ACBE8DABF0D84C6463BAE7 /* Pods-WEIBO.debug.xcconfig */,
				F22FF2935D4E292B83C0940A /* Pods-WEIBO.release.xcconfig */,
				E7EC8C4C9B6B62D8C12E736D /* Pods-WEIBOUITests.debug.xcconfig */,
				E1837FBEB195787095DA1CD7 /* Pods-WEIBOUITests.release.xcconfig */,
			);
			name = Pods;
			sourceTree = "<group>";
		};
		462A17DD1FC277390099FD00 /* Tools */ = {
			isa = PBXGroup;
			children = (
				462A17DE1FC277390099FD00 /* WBHTools.swift */,
				462A17DF1FC277390099FD00 /* WBHVariableCustom.swift */,
			);
			path = Tools;
			sourceTree = "<group>";
		};
		4680ADCC1FBEDCA500E5B1BF /* Classes */ = {
			isa = PBXGroup;
			children = (
				462A17DD1FC277390099FD00 /* Tools */,
				4680ADDD1FBEE08600E5B1BF /* Weibo */,
				4680ADDF1FBEE08600E5B1BF /* Discover */,
				4680ADE01FBEE08700E5B1BF /* Message */,
				4680ADDE1FBEE08600E5B1BF /* Me */,
				4680ADE11FBEE0AA00E5B1BF /* Base */,
				4680ADCF1FBEDCA500E5B1BF /* Main */,
				4680ADD21FBEDCA500E5B1BF /* Other */,
			);
			path = Classes;
			sourceTree = "<group>";
		};
		4680ADCF1FBEDCA500E5B1BF /* Main */ = {
			isa = PBXGroup;
			children = (
				C1435C081FC1832100618D51 /* ViewController */,
				C1435C091FC1832900618D51 /* View */,
			);
			path = Main;
			sourceTree = "<group>";
		};
		4680ADD21FBEDCA500E5B1BF /* Other */ = {
			isa = PBXGroup;
			children = (
				4680ADD31FBEDCA500E5B1BF /* Info.plist */,
			);
			path = Other;
			sourceTree = "<group>";
		};
		4680ADDD1FBEE08600E5B1BF /* Weibo */ = {
			isa = PBXGroup;
			children = (
				4680ADEA1FBEE17300E5B1BF /* WBHWeiboViewController.swift */,
			);
			path = Weibo;
			sourceTree = "<group>";
		};
		4680ADDE1FBEE08600E5B1BF /* Me */ = {
			isa = PBXGroup;
			children = (
				4680ADE61FBEE15300E5B1BF /* WBHMeController.swift */,
			);
			path = Me;
			sourceTree = "<group>";
		};
		4680ADDF1FBEE08600E5B1BF /* Discover */ = {
			isa = PBXGroup;
			children = (
				4680ADE41FBEE14500E5B1BF /* WBHDiscoverController.swift */,
			);
			path = Discover;
			sourceTree = "<group>";
		};
		4680ADE01FBEE08700E5B1BF /* Message */ = {
			isa = PBXGroup;
			children = (
				4680ADE81FBEE16100E5B1BF /* WBHMessageController.swift */,
			);
			path = Message;
			sourceTree = "<group>";
		};
		4680ADE11FBEE0AA00E5B1BF /* Base */ = {
			isa = PBXGroup;
			children = (
				4680ADE21FBEE0B700E5B1BF /* WBHBaseController.swift */,
			);
			path = Base;
			sourceTree = "<group>";
		};
		46B48E621FBED01000046D9C = {
			isa = PBXGroup;
			children = (
				46B48E6D1FBED01000046D9C /* WEIBO */,
				46B48E821FBED01000046D9C /* WEIBOUITests */,
				46B48E6C1FBED01000046D9C /* Products */,
				0C9A1C2094E0DE2E679C5BA1 /* Pods */,
				ACC1658E88F9F024947BC039 /* Frameworks */,
			);
			sourceTree = "<group>";
		};
		46B48E6C1FBED01000046D9C /* Products */ = {
			isa = PBXGroup;
			children = (
				46B48E6B1FBED01000046D9C /* WEIBO.app */,
				46B48E7F1FBED01000046D9C /* WEIBOUITests.xctest */,
			);
			name = Products;
			sourceTree = "<group>";
		};
		46B48E6D1FBED01000046D9C /* WEIBO */ = {
			isa = PBXGroup;
			children = (
				4680ADCC1FBEDCA500E5B1BF /* Classes */,
				46B48E751FBED01000046D9C /* Assets.xcassets */,
				46B48E771FBED01000046D9C /* LaunchScreen.storyboard */,
			);
			path = WEIBO;
			sourceTree = "<group>";
		};
		46B48E821FBED01000046D9C /* WEIBOUITests */ = {
			isa = PBXGroup;
			children = (
				46B48E831FBED01100046D9C /* WEIBOUITests.swift */,
				46B48E851FBED01100046D9C /* Info.plist */,
			);
			path = WEIBOUITests;
			sourceTree = "<group>";
		};
		ACC1658E88F9F024947BC039 /* Frameworks */ = {
			isa = PBXGroup;
			children = (
				45F84DD836CABE5681CCAF72 /* Pods_WEIBO.framework */,
				2F72417234644D6DB779DDA0 /* Pods_WEIBOUITests.framework */,
			);
			name = Frameworks;
			sourceTree = "<group>";
		};
		C1435C081FC1832100618D51 /* ViewController */ = {
			isa = PBXGroup;
			children = (
				C1435C0A1FC1835100618D51 /* AppDelegate.swift */,
				C1435C0C1FC1835100618D51 /* wbhNavigationController.swift */,
				C1435C0B1FC1835100618D51 /* WBHTabBarController.swift */,
				462A17E21FC2876C0099FD00 /* WBHAddViewController.swift */,
			);
			path = ViewController;
			sourceTree = "<group>";
		};
		C1435C091FC1832900618D51 /* View */ = {
			isa = PBXGroup;
			children = (
				C1435C101FC1862A00618D51 /* WBHTabbarView.swift */,
				462A17DB1FC262E80099FD00 /* WBHTabBarButton.swift */,
			);
			path = View;
			sourceTree = "<group>";
		};
/* End PBXGroup section */

/* Begin PBXNativeTarget section */
		46B48E6A1FBED01000046D9C /* WEIBO */ = {
			isa = PBXNativeTarget;
			buildConfigurationList = 46B48E881FBED01100046D9C /* Build configuration list for PBXNativeTarget "WEIBO" */;
			buildPhases = (
				9BC751329B0BBF04679BEF35 /* [CP] Check Pods Manifest.lock */,
				46B48E671FBED01000046D9C /* Sources */,
				46B48E681FBED01000046D9C /* Frameworks */,
				46B48E691FBED01000046D9C /* Resources */,
				5EB07E79D3BE65884B71D626 /* [CP] Embed Pods Frameworks */,
				101FE7F3C9D033AD88F8BAFE /* [CP] Copy Pods Resources */,
			);
			buildRules = (
			);
			dependencies = (
			);
			name = WEIBO;
			productName = WEIBO;
			productReference = 46B48E6B1FBED01000046D9C /* WEIBO.app */;
			productType = "com.apple.product-type.application";
		};
		46B48E7E1FBED01000046D9C /* WEIBOUITests */ = {
			isa = PBXNativeTarget;
			buildConfigurationList = 46B48E8B1FBED01100046D9C /* Build configuration list for PBXNativeTarget "WEIBOUITests" */;
			buildPhases = (
				D3F29E8456576CAF595C95CC /* [CP] Check Pods Manifest.lock */,
				46B48E7B1FBED01000046D9C /* Sources */,
				46B48E7C1FBED01000046D9C /* Frameworks */,
				46B48E7D1FBED01000046D9C /* Resources */,
				69E03072D82337A16833859A /* [CP] Embed Pods Frameworks */,
				51512432433A7113850C4A59 /* [CP] Copy Pods Resources */,
			);
			buildRules = (
			);
			dependencies = (
				46B48E811FBED01000046D9C /* PBXTargetDependency */,
			);
			name = WEIBOUITests;
			productName = WEIBOUITests;
			productReference = 46B48E7F1FBED01000046D9C /* WEIBOUITests.xctest */;
			productType = "com.apple.product-type.bundle.ui-testing";
		};
/* End PBXNativeTarget section */

/* Begin PBXProject section */
		46B48E631FBED01000046D9C /* Project object */ = {
			isa = PBXProject;
			attributes = {
				CLASSPREFIX = WBH;
				LastSwiftUpdateCheck = 0900;
				LastUpgradeCheck = 0900;
				ORGANIZATIONNAME = baohong;
				TargetAttributes = {
					46B48E6A1FBED01000046D9C = {
						CreatedOnToolsVersion = 9.0;
						ProvisioningStyle = Automatic;
					};
					46B48E7E1FBED01000046D9C = {
						CreatedOnToolsVersion = 9.0;
						ProvisioningStyle = Automatic;
						TestTargetID = 46B48E6A1FBED01000046D9C;
					};
				};
			};
			buildConfigurationList = 46B48E661FBED01000046D9C /* Build configuration list for PBXProject "WEIBO" */;
			compatibilityVersion = "Xcode 8.0";
			developmentRegion = en;
			hasScannedForEncodings = 0;
			knownRegions = (
				en,
				Base,
			);
			mainGroup = 46B48E621FBED01000046D9C;
			productRefGroup = 46B48E6C1FBED01000046D9C /* Products */;
			projectDirPath = "";
			projectRoot = "";
			targets = (
				46B48E6A1FBED01000046D9C /* WEIBO */,
				46B48E7E1FBED01000046D9C /* WEIBOUITests */,
			);
		};
/* End PBXProject section */

/* Begin PBXResourcesBuildPhase section */
		46B48E691FBED01000046D9C /* Resources */ = {
			isa = PBXResourcesBuildPhase;
			buildActionMask = 2147483647;
			files = (
				46B48E791FBED01000046D9C /* LaunchScreen.storyboard in Resources */,
				46B48E761FBED01000046D9C /* Assets.xcassets in Resources */,
			);
			runOnlyForDeploymentPostprocessing = 0;
		};
		46B48E7D1FBED01000046D9C /* Resources */ = {
			isa = PBXResourcesBuildPhase;
			buildActionMask = 2147483647;
			files = (
			);
			runOnlyForDeploymentPostprocessing = 0;
		};
/* End PBXResourcesBuildPhase section */

/* Begin PBXShellScriptBuildPhase section */
		101FE7F3C9D033AD88F8BAFE /* [CP] Copy Pods Resources */ = {
			isa = PBXShellScriptBuildPhase;
			buildActionMask = 2147483647;
			files = (
			);
			inputPaths = (
			);
			name = "[CP] Copy Pods Resources";
			outputPaths = (
			);
			runOnlyForDeploymentPostprocessing = 0;
			shellPath = /bin/sh;
			shellScript = "\"${SRCROOT}/Pods/Target Support Files/Pods-WEIBO/Pods-WEIBO-resources.sh\"\n";
			showEnvVarsInLog = 0;
		};
		51512432433A7113850C4A59 /* [CP] Copy Pods Resources */ = {
			isa = PBXShellScriptBuildPhase;
			buildActionMask = 2147483647;
			files = (
			);
			inputPaths = (
			);
			name = "[CP] Copy Pods Resources";
			outputPaths = (
			);
			runOnlyForDeploymentPostprocessing = 0;
			shellPath = /bin/sh;
			shellScript = "\"${SRCROOT}/Pods/Target Support Files/Pods-WEIBOUITests/Pods-WEIBOUITests-resources.sh\"\n";
			showEnvVarsInLog = 0;
		};
		5EB07E79D3BE65884B71D626 /* [CP] Embed Pods Frameworks */ = {
			isa = PBXShellScriptBuildPhase;
			buildActionMask = 2147483647;
			files = (
			);
			inputPaths = (
			);
			name = "[CP] Embed Pods Frameworks";
			outputPaths = (
			);
			runOnlyForDeploymentPostprocessing = 0;
			shellPath = /bin/sh;
			shellScript = "\"${SRCROOT}/Pods/Target Support Files/Pods-WEIBO/Pods-WEIBO-frameworks.sh\"\n";
			showEnvVarsInLog = 0;
		};
		69E03072D82337A16833859A /* [CP] Embed Pods Frameworks */ = {
			isa = PBXShellScriptBuildPhase;
			buildActionMask = 2147483647;
			files = (
			);
			inputPaths = (
			);
			name = "[CP] Embed Pods Frameworks";
			outputPaths = (
			);
			runOnlyForDeploymentPostprocessing = 0;
			shellPath = /bin/sh;
			shellScript = "\"${SRCROOT}/Pods/Target Support Files/Pods-WEIBOUITests/Pods-WEIBOUITests-frameworks.sh\"\n";
			showEnvVarsInLog = 0;
		};
		9BC751329B0BBF04679BEF35 /* [CP] Check Pods Manifest.lock */ = {
			isa = PBXShellScriptBuildPhase;
			buildActionMask = 2147483647;
			files = (
			);
			inputPaths = (
			);
			name = "[CP] Check Pods Manifest.lock";
			outputPaths = (
			);
			runOnlyForDeploymentPostprocessing = 0;
			shellPath = /bin/sh;
			shellScript = "diff \"${PODS_PODFILE_DIR_PATH}/Podfile.lock\" \"${PODS_ROOT}/Manifest.lock\" > /dev/null\nif [ $? != 0 ] ; then\n    # print error to STDERR\n    echo \"error: The sandbox is not in sync with the Podfile.lock. Run 'pod install' or update your CocoaPods installation.\" >&2\n    exit 1\nfi\n";
			showEnvVarsInLog = 0;
		};
		D3F29E8456576CAF595C95CC /* [CP] Check Pods Manifest.lock */ = {
			isa = PBXShellScriptBuildPhase;
			buildActionMask = 2147483647;
			files = (
			);
			inputPaths = (
			);
			name = "[CP] Check Pods Manifest.lock";
			outputPaths = (
			);
			runOnlyForDeploymentPostprocessing = 0;
			shellPath = /bin/sh;
			shellScript = "diff \"${PODS_PODFILE_DIR_PATH}/Podfile.lock\" \"${PODS_ROOT}/Manifest.lock\" > /dev/null\nif [ $? != 0 ] ; then\n    # print error to STDERR\n    echo \"error: The sandbox is not in sync with the Podfile.lock. Run 'pod install' or update your CocoaPods installation.\" >&2\n    exit 1\nfi\n";
			showEnvVarsInLog = 0;
		};
/* End PBXShellScriptBuildPhase section */

/* Begin PBXSourcesBuildPhase section */
		46B48E671FBED01000046D9C /* Sources */ = {
			isa = PBXSourcesBuildPhase;
			buildActionMask = 2147483647;
			files = (
				C1435C0D1FC1835100618D51 /* AppDelegate.swift in Sources */,
				C1435C111FC1862A00618D51 /* WBHTabbarView.swift in Sources */,
				4680ADE31FBEE0B700E5B1BF /* WBHBaseController.swift in Sources */,
				462A17E31FC2876C0099FD00 /* WBHAddViewController.swift in Sources */,
				462A17DC1FC262E80099FD00 /* WBHTabBarButton.swift in Sources */,
				462A17E11FC278510099FD00 /* WBHVariableCustom.swift in Sources */,
				4680ADE51FBEE14500E5B1BF /* WBHDiscoverController.swift in Sources */,
				462A17E01FC2784E0099FD00 /* WBHTools.swift in Sources */,
				4680ADEB1FBEE17300E5B1BF /* WBHWeiboViewController.swift in Sources */,
				4680ADE71FBEE15300E5B1BF /* WBHMeController.swift in Sources */,
				C1435C0F1FC1835100618D51 /* wbhNavigationController.swift in Sources */,
				C1435C0E1FC1835100618D51 /* WBHTabBarController.swift in Sources */,
				4680ADE91FBEE16100E5B1BF /* WBHMessageController.swift in Sources */,
			);
			runOnlyForDeploymentPostprocessing = 0;
		};
		46B48E7B1FBED01000046D9C /* Sources */ = {
			isa = PBXSourcesBuildPhase;
			buildActionMask = 2147483647;
			files = (
				46B48E841FBED01100046D9C /* WEIBOUITests.swift in Sources */,
			);
			runOnlyForDeploymentPostprocessing = 0;
		};
/* End PBXSourcesBuildPhase section */

/* Begin PBXTargetDependency section */
		46B48E811FBED01000046D9C /* PBXTargetDependency */ = {
			isa = PBXTargetDependency;
			target = 46B48E6A1FBED01000046D9C /* WEIBO */;
			targetProxy = 46B48E801FBED01000046D9C /* PBXContainerItemProxy */;
		};
/* End PBXTargetDependency section */

/* Begin PBXVariantGroup section */
		46B48E771FBED01000046D9C /* LaunchScreen.storyboard */ = {
			isa = PBXVariantGroup;
			children = (
				46B48E781FBED01000046D9C /* Base */,
			);
			name = LaunchScreen.storyboard;
			sourceTree = "<group>";
		};
/* End PBXVariantGroup section */

/* Begin XCBuildConfiguration section */
		46B48E861FBED01100046D9C /* Debug */ = {
			isa = XCBuildConfiguration;
			buildSettings = {
				ALWAYS_SEARCH_USER_PATHS = NO;
				CLANG_ANALYZER_NONNULL = YES;
				CLANG_ANALYZER_NUMBER_OBJECT_CONVERSION = YES_AGGRESSIVE;
				CLANG_CXX_LANGUAGE_STANDARD = "gnu++14";
				CLANG_CXX_LIBRARY = "libc++";
				CLANG_ENABLE_MODULES = YES;
				CLANG_ENABLE_OBJC_ARC = YES;
				CLANG_WARN_BLOCK_CAPTURE_AUTORELEASING = YES;
				CLANG_WARN_BOOL_CONVERSION = YES;
				CLANG_WARN_COMMA = YES;
				CLANG_WARN_CONSTANT_CONVERSION = YES;
				CLANG_WARN_DIRECT_OBJC_ISA_USAGE = YES_ERROR;
				CLANG_WARN_DOCUMENTATION_COMMENTS = YES;
				CLANG_WARN_EMPTY_BODY = YES;
				CLANG_WARN_ENUM_CONVERSION = YES;
				CLANG_WARN_INFINITE_RECURSION = YES;
				CLANG_WARN_INT_CONVERSION = YES;
				CLANG_WARN_NON_LITERAL_NULL_CONVERSION = YES;
				CLANG_WARN_OBJC_LITERAL_CONVERSION = YES;
				CLANG_WARN_OBJC_ROOT_CLASS = YES_ERROR;
				CLANG_WARN_RANGE_LOOP_ANALYSIS = YES;
				CLANG_WARN_STRICT_PROTOTYPES = YES;
				CLANG_WARN_SUSPICIOUS_MOVE = YES;
				CLANG_WARN_UNGUARDED_AVAILABILITY = YES_AGGRESSIVE;
				CLANG_WARN_UNREACHABLE_CODE = YES;
				CLANG_WARN__DUPLICATE_METHOD_MATCH = YES;
				CODE_SIGN_IDENTITY = "iPhone Developer";
				COPY_PHASE_STRIP = NO;
				DEBUG_INFORMATION_FORMAT = dwarf;
				ENABLE_STRICT_OBJC_MSGSEND = YES;
				ENABLE_TESTABILITY = YES;
				GCC_C_LANGUAGE_STANDARD = gnu11;
				GCC_DYNAMIC_NO_PIC = NO;
				GCC_NO_COMMON_BLOCKS = YES;
				GCC_OPTIMIZATION_LEVEL = 0;
				GCC_PREPROCESSOR_DEFINITIONS = (
					"DEBUG=1",
					"$(inherited)",
				);
				GCC_WARN_64_TO_32_BIT_CONVERSION = YES;
				GCC_WARN_ABOUT_RETURN_TYPE = YES_ERROR;
				GCC_WARN_UNDECLARED_SELECTOR = YES;
				GCC_WARN_UNINITIALIZED_AUTOS = YES_AGGRESSIVE;
				GCC_WARN_UNUSED_FUNCTION = YES;
				GCC_WARN_UNUSED_VARIABLE = YES;
				IPHONEOS_DEPLOYMENT_TARGET = 11.0;
				MTL_ENABLE_DEBUG_INFO = YES;
				ONLY_ACTIVE_ARCH = YES;
				SDKROOT = iphoneos;
				SWIFT_ACTIVE_COMPILATION_CONDITIONS = DEBUG;
				SWIFT_OPTIMIZATION_LEVEL = "-Onone";
			};
			name = Debug;
		};
		46B48E871FBED01100046D9C /* Release */ = {
			isa = XCBuildConfiguration;
			buildSettings = {
				ALWAYS_SEARCH_USER_PATHS = NO;
				CLANG_ANALYZER_NONNULL = YES;
				CLANG_ANALYZER_NUMBER_OBJECT_CONVERSION = YES_AGGRESSIVE;
				CLANG_CXX_LANGUAGE_STANDARD = "gnu++14";
				CLANG_CXX_LIBRARY = "libc++";
				CLANG_ENABLE_MODULES = YES;
				CLANG_ENABLE_OBJC_ARC = YES;
				CLANG_WARN_BLOCK_CAPTURE_AUTORELEASING = YES;
				CLANG_WARN_BOOL_CONVERSION = YES;
				CLANG_WARN_COMMA = YES;
				CLANG_WARN_CONSTANT_CONVERSION = YES;
				CLANG_WARN_DIRECT_OBJC_ISA_USAGE = YES_ERROR;
				CLANG_WARN_DOCUMENTATION_COMMENTS = YES;
				CLANG_WARN_EMPTY_BODY = YES;
				CLANG_WARN_ENUM_CONVERSION = YES;
				CLANG_WARN_INFINITE_RECURSION = YES;
				CLANG_WARN_INT_CONVERSION = YES;
				CLANG_WARN_NON_LITERAL_NULL_CONVERSION = YES;
				CLANG_WARN_OBJC_LITERAL_CONVERSION = YES;
				CLANG_WARN_OBJC_ROOT_CLASS = YES_ERROR;
				CLANG_WARN_RANGE_LOOP_ANALYSIS = YES;
				CLANG_WARN_STRICT_PROTOTYPES = YES;
				CLANG_WARN_SUSPICIOUS_MOVE = YES;
				CLANG_WARN_UNGUARDED_AVAILABILITY = YES_AGGRESSIVE;
				CLANG_WARN_UNREACHABLE_CODE = YES;
				CLANG_WARN__DUPLICATE_METHOD_MATCH = YES;
				CODE_SIGN_IDENTITY = "iPhone Developer";
				COPY_PHASE_STRIP = NO;
				DEBUG_INFORMATION_FORMAT = "dwarf-with-dsym";
				ENABLE_NS_ASSERTIONS = NO;
				ENABLE_STRICT_OBJC_MSGSEND = YES;
				GCC_C_LANGUAGE_STANDARD = gnu11;
				GCC_NO_COMMON_BLOCKS = YES;
				GCC_WARN_64_TO_32_BIT_CONVERSION = YES;
				GCC_WARN_ABOUT_RETURN_TYPE = YES_ERROR;
				GCC_WARN_UNDECLARED_SELECTOR = YES;
				GCC_WARN_UNINITIALIZED_AUTOS = YES_AGGRESSIVE;
				GCC_WARN_UNUSED_FUNCTION = YES;
				GCC_WARN_UNUSED_VARIABLE = YES;
				IPHONEOS_DEPLOYMENT_TARGET = 11.0;
				MTL_ENABLE_DEBUG_INFO = NO;
				SDKROOT = iphoneos;
				SWIFT_OPTIMIZATION_LEVEL = "-Owholemodule";
				VALIDATE_PRODUCT = YES;
			};
			name = Release;
		};
		46B48E891FBED01100046D9C /* Debug */ = {
			isa = XCBuildConfiguration;
			baseConfigurationReference = B3ACBE8DABF0D84C6463BAE7 /* Pods-WEIBO.debug.xcconfig */;
			buildSettings = {
				ASSETCATALOG_COMPILER_APPICON_NAME = AppIcon;
				CODE_SIGN_STYLE = Automatic;
				DEVELOPMENT_TEAM = 42Q4LG7K62;
				GCC_PREFIX_HEADER = "";
				INFOPLIST_FILE = WEIBO/Classes/Other/Info.plist;
				IPHONEOS_DEPLOYMENT_TARGET = 9.0;
				LD_RUNPATH_SEARCH_PATHS = "$(inherited) @executable_path/Frameworks";
				PRODUCT_BUNDLE_IDENTIFIER = com.WBH.WEIBO;
				PRODUCT_NAME = "$(TARGET_NAME)";
				SWIFT_VERSION = 4.0;
				TARGETED_DEVICE_FAMILY = 1;
			};
			name = Debug;
		};
		46B48E8A1FBED01100046D9C /* Release */ = {
			isa = XCBuildConfiguration;
			baseConfigurationReference = F22FF2935D4E292B83C0940A /* Pods-WEIBO.release.xcconfig */;
			buildSettings = {
				ASSETCATALOG_COMPILER_APPICON_NAME = AppIcon;
				CODE_SIGN_STYLE = Automatic;
				DEVELOPMENT_TEAM = 42Q4LG7K62;
				GCC_PREFIX_HEADER = "";
				INFOPLIST_FILE = WEIBO/Classes/Other/Info.plist;
				IPHONEOS_DEPLOYMENT_TARGET = 9.0;
				LD_RUNPATH_SEARCH_PATHS = "$(inherited) @executable_path/Frameworks";
				PRODUCT_BUNDLE_IDENTIFIER = com.WBH.WEIBO;
				PRODUCT_NAME = "$(TARGET_NAME)";
				SWIFT_VERSION = 4.0;
				TARGETED_DEVICE_FAMILY = 1;
			};
			name = Release;
		};
		46B48E8C1FBED01100046D9C /* Debug */ = {
			isa = XCBuildConfiguration;
			baseConfigurationReference = E7EC8C4C9B6B62D8C12E736D /* Pods-WEIBOUITests.debug.xcconfig */;
			buildSettings = {
				ALWAYS_EMBED_SWIFT_STANDARD_LIBRARIES = YES;
				CODE_SIGN_STYLE = Automatic;
				INFOPLIST_FILE = WEIBOUITests/Info.plist;
				LD_RUNPATH_SEARCH_PATHS = "$(inherited) @executable_path/Frameworks @loader_path/Frameworks";
				PRODUCT_BUNDLE_IDENTIFIER = com.WBH.WEIBOUITests;
				PRODUCT_NAME = "$(TARGET_NAME)";
				SWIFT_VERSION = 4.0;
				TARGETED_DEVICE_FAMILY = "1,2";
				TEST_TARGET_NAME = WEIBO;
			};
			name = Debug;
		};
		46B48E8D1FBED01100046D9C /* Release */ = {
			isa = XCBuildConfiguration;
			baseConfigurationReference = E1837FBEB195787095DA1CD7 /* Pods-WEIBOUITests.release.xcconfig */;
			buildSettings = {
				ALWAYS_EMBED_SWIFT_STANDARD_LIBRARIES = YES;
				CODE_SIGN_STYLE = Automatic;
				INFOPLIST_FILE = WEIBOUITests/Info.plist;
				LD_RUNPATH_SEARCH_PATHS = "$(inherited) @executable_path/Frameworks @loader_path/Frameworks";
				PRODUCT_BUNDLE_IDENTIFIER = com.WBH.WEIBOUITests;
				PRODUCT_NAME = "$(TARGET_NAME)";
				SWIFT_VERSION = 4.0;
				TARGETED_DEVICE_FAMILY = "1,2";
				TEST_TARGET_NAME = WEIBO;
			};
			name = Release;
		};
/* End XCBuildConfiguration section */

/* Begin XCConfigurationList section */
		46B48E661FBED01000046D9C /* Build configuration list for PBXProject "WEIBO" */ = {
			isa = XCConfigurationList;
			buildConfigurations = (
				46B48E861FBED01100046D9C /* Debug */,
				46B48E871FBED01100046D9C /* Release */,
			);
			defaultConfigurationIsVisible = 0;
			defaultConfigurationName = Release;
		};
		46B48E881FBED01100046D9C /* Build configuration list for PBXNativeTarget "WEIBO" */ = {
			isa = XCConfigurationList;
			buildConfigurations = (
				46B48E891FBED01100046D9C /* Debug */,
				46B48E8A1FBED01100046D9C /* Release */,
			);
			defaultConfigurationIsVisible = 0;
			defaultConfigurationName = Release;
		};
		46B48E8B1FBED01100046D9C /* Build configuration list for PBXNativeTarget "WEIBOUITests" */ = {
			isa = XCConfigurationList;
			buildConfigurations = (
				46B48E8C1FBED01100046D9C /* Debug */,
				46B48E8D1FBED01100046D9C /* Release */,
			);
			defaultConfigurationIsVisible = 0;
			defaultConfigurationName = Release;
		};
/* End XCConfigurationList section */
	};
	rootObject = 46B48E631FBED01000046D9C /* Project object */;
}
